
Microsoft Visual Studio Solution File, Format Version 12.00
# Visual Studio 15
VisualStudioVersion = 15.0.27428.1
MinimumVisualStudioVersion = 10.0.40219.1
Project("{8BC9CEB8-8B4A-11D0-8D11-00A0C91BC942}") = "struct_04_09", "struct_04_09\struct_04_09.vcxproj", "{EC5B6738-1C90-451E-887A-895F57C74D42}"
EndProject
Global
	GlobalSection(SolutionConfigurationPlatforms) = preSolution
		Debug|x64 = Debug|x64
		Debug|x86 = Debug|x86
		Release|x64 = Release|x64
		Release|x86 = Release|x86
	EndGlobalSection
	GlobalSection(ProjectConfigurationPlatforms) = postSolution
		{EC5B6738-1C90-451E-887A-895F57C74D42}.Debug|x64.ActiveCfg = Debug|x64
		{EC5B6738-1C90-451E-887A-895F57C74D42}.Debug|x64.Build.0 = Debug|x64
		{EC5B6738-1C90-451E-887A-895F57C74D42}.Debug|x86.ActiveCfg = Debug|Win32
		{EC5B6738-1C90-451E-887A-895F57C74D42}.Debug|x86.Build.0 = Debug|Win32
		{EC5B6738-1C90-451E-887A-895F57C74D42}.Release|x64.ActiveCfg = Release|x64
		{EC5B6738-1C90-451E-887A-895F57C74D42}.Release|x64.Build.0 = Release|x64
		{EC5B6738-1C90-451E-887A-895F57C74D42}.Release|x86.ActiveCfg = Release|Win32
		{EC5B6738-1C90-451E-887A-895F57C74D42}.Release|x86.Build.0 = Release|Win32
	EndGlobalSection
	GlobalSection(SolutionProperties) = preSolution
		HideSolutionNode = FALSE
	EndGlobalSection
	GlobalSection(ExtensibilityGlobals) = postSolution
		SolutionGuid = {F90516AE-F258-40B7-BCBF-D74F901F509E}
	EndGlobalSection
EndGlobal
