
Microsoft Visual Studio Solution File, Format Version 12.00
# Visual Studio 15
VisualStudioVersion = 15.0.27428.1
MinimumVisualStudioVersion = 10.0.40219.1
Project("{8BC9CEB8-8B4A-11D0-8D11-00A0C91BC942}") = "bubble_sort_complexity_05_16", "bubble_sort_complexity_05_16\bubble_sort_complexity_05_16.vcxproj", "{67CA30F4-36EF-4B36-83F2-8985FC845F37}"
EndProject
Project("{8BC9CEB8-8B4A-11D0-8D11-00A0C91BC942}") = "nick_merge", "nick_merge\nick_merge.vcxproj", "{1FFE9AF3-186F-4140-9FB4-2B7B6FEFAF9E}"
EndProject
Global
	GlobalSection(SolutionConfigurationPlatforms) = preSolution
		Debug|x64 = Debug|x64
		Debug|x86 = Debug|x86
		Release|x64 = Release|x64
		Release|x86 = Release|x86
	EndGlobalSection
	GlobalSection(ProjectConfigurationPlatforms) = postSolution
		{67CA30F4-36EF-4B36-83F2-8985FC845F37}.Debug|x64.ActiveCfg = Debug|x64
		{67CA30F4-36EF-4B36-83F2-8985FC845F37}.Debug|x64.Build.0 = Debug|x64
		{67CA30F4-36EF-4B36-83F2-8985FC845F37}.Debug|x86.ActiveCfg = Debug|Win32
		{67CA30F4-36EF-4B36-83F2-8985FC845F37}.Debug|x86.Build.0 = Debug|Win32
		{67CA30F4-36EF-4B36-83F2-8985FC845F37}.Release|x64.ActiveCfg = Release|x64
		{67CA30F4-36EF-4B36-83F2-8985FC845F37}.Release|x64.Build.0 = Release|x64
		{67CA30F4-36EF-4B36-83F2-8985FC845F37}.Release|x86.ActiveCfg = Release|Win32
		{67CA30F4-36EF-4B36-83F2-8985FC845F37}.Release|x86.Build.0 = Release|Win32
		{1FFE9AF3-186F-4140-9FB4-2B7B6FEFAF9E}.Debug|x64.ActiveCfg = Debug|x64
		{1FFE9AF3-186F-4140-9FB4-2B7B6FEFAF9E}.Debug|x64.Build.0 = Debug|x64
		{1FFE9AF3-186F-4140-9FB4-2B7B6FEFAF9E}.Debug|x86.ActiveCfg = Debug|Win32
		{1FFE9AF3-186F-4140-9FB4-2B7B6FEFAF9E}.Debug|x86.Build.0 = Debug|Win32
		{1FFE9AF3-186F-4140-9FB4-2B7B6FEFAF9E}.Release|x64.ActiveCfg = Release|x64
		{1FFE9AF3-186F-4140-9FB4-2B7B6FEFAF9E}.Release|x64.Build.0 = Release|x64
		{1FFE9AF3-186F-4140-9FB4-2B7B6FEFAF9E}.Release|x86.ActiveCfg = Release|Win32
		{1FFE9AF3-186F-4140-9FB4-2B7B6FEFAF9E}.Release|x86.Build.0 = Release|Win32
	EndGlobalSection
	GlobalSection(SolutionProperties) = preSolution
		HideSolutionNode = FALSE
	EndGlobalSection
	GlobalSection(ExtensibilityGlobals) = postSolution
		SolutionGuid = {D00FF317-365C-421F-920F-F8E60F017338}
	EndGlobalSection
EndGlobal
